// !$*UTF8*$!
{
	archiveVersion = 1;
	classes = {
	};
	objectVersion = 46;
	objects = {

/* Begin PBXBuildFile section */
		0F7EA30C1D59CCE0000A9362 /* AppDelegate.swift in Sources */ = {isa = PBXBuildFile; fileRef = 0F7EA30B1D59CCE0000A9362 /* AppDelegate.swift */; };
		0F7EA3111D59CCE0000A9362 /* Main.storyboard in Resources */ = {isa = PBXBuildFile; fileRef = 0F7EA30F1D59CCE0000A9362 /* Main.storyboard */; };
		0F7EA3131D59CCE0000A9362 /* Assets.xcassets in Resources */ = {isa = PBXBuildFile; fileRef = 0F7EA3121D59CCE0000A9362 /* Assets.xcassets */; };
		0F7EA3161D59CCE0000A9362 /* LaunchScreen.storyboard in Resources */ = {isa = PBXBuildFile; fileRef = 0F7EA3141D59CCE0000A9362 /* LaunchScreen.storyboard */; };
		0F7EA3211D59CCE0000A9362 /* ITGFrenchLeagueTests.swift in Sources */ = {isa = PBXBuildFile; fileRef = 0F7EA3201D59CCE0000A9362 /* ITGFrenchLeagueTests.swift */; };
		0F7EA32C1D59CCE0000A9362 /* ITGFrenchLeagueUITests.swift in Sources */ = {isa = PBXBuildFile; fileRef = 0F7EA32B1D59CCE0000A9362 /* ITGFrenchLeagueUITests.swift */; };
		0F7EA3421D59D5AA000A9362 /* MainMenuViewer.swift in Sources */ = {isa = PBXBuildFile; fileRef = 0F7EA3411D59D5AA000A9362 /* MainMenuViewer.swift */; };
		0F7EA34C1D5B65CE000A9362 /* DatabaseResponseService.swift in Sources */ = {isa = PBXBuildFile; fileRef = 0F7EA34B1D5B65CE000A9362 /* DatabaseResponseService.swift */; };
		0F7EA34F1D5B69F0000A9362 /* Player.swift in Sources */ = {isa = PBXBuildFile; fileRef = 0F7EA34E1D5B69F0000A9362 /* Player.swift */; };
		0F7EA3541D5DD37A000A9362 /* TabModelProtocol.swift in Sources */ = {isa = PBXBuildFile; fileRef = 0F7EA3531D5DD37A000A9362 /* TabModelProtocol.swift */; };
		0F7EA3581D5E11F0000A9362 /* Song.swift in Sources */ = {isa = PBXBuildFile; fileRef = 0F7EA3571D5E11F0000A9362 /* Song.swift */; };
		0F7EA35A1D630147000A9362 /* DatabaseFormatService.swift in Sources */ = {isa = PBXBuildFile; fileRef = 0F7EA3591D630147000A9362 /* DatabaseFormatService.swift */; };
		429E2BD81E06D7F700673574 /* GeneralRankingTableViewer.swift in Sources */ = {isa = PBXBuildFile; fileRef = 429E2BD71E06D7F700673574 /* GeneralRankingTableViewer.swift */; };
		429E2BDA1E06D80500673574 /* GeneralRankingTableViewCell.swift in Sources */ = {isa = PBXBuildFile; fileRef = 429E2BD91E06D80500673574 /* GeneralRankingTableViewCell.swift */; };
		429E2BDC1E073D0F00673574 /* GeneralRankingTableViewCellViewModel.swift in Sources */ = {isa = PBXBuildFile; fileRef = 429E2BDB1E073D0F00673574 /* GeneralRankingTableViewCellViewModel.swift */; };
		429E2BDE1E07466800673574 /* SpeedRankingTableViewer.swift in Sources */ = {isa = PBXBuildFile; fileRef = 429E2BDD1E07466800673574 /* SpeedRankingTableViewer.swift */; };
		429E2BE41E07475200673574 /* RankingTableViewCell.swift in Sources */ = {isa = PBXBuildFile; fileRef = 429E2BE31E07475200673574 /* RankingTableViewCell.swift */; };
		429E2BE61E07476000673574 /* RankingTableViewModel.swift in Sources */ = {isa = PBXBuildFile; fileRef = 429E2BE51E07476000673574 /* RankingTableViewModel.swift */; };
		429E2BE81E08A1E200673574 /* MonthlyRankingTableViewer.swift in Sources */ = {isa = PBXBuildFile; fileRef = 429E2BE71E08A1E200673574 /* MonthlyRankingTableViewer.swift */; };
		429E2BEA1E08A2BF00673574 /* StaminaRankingTableViewer.swift in Sources */ = {isa = PBXBuildFile; fileRef = 429E2BE91E08A2BF00673574 /* StaminaRankingTableViewer.swift */; };
		429E2BEC1E08A2ED00673574 /* TimingRankingTableViewer.swift in Sources */ = {isa = PBXBuildFile; fileRef = 429E2BEB1E08A2ED00673574 /* TimingRankingTableViewer.swift */; };
		429E2BF11E0DAC8100673574 /* MenuButton.swift in Sources */ = {isa = PBXBuildFile; fileRef = 429E2BF01E0DAC8100673574 /* MenuButton.swift */; };
		429E2BF31E0DAEE700673574 /* UIColor+AppColor.swift in Sources */ = {isa = PBXBuildFile; fileRef = 429E2BF21E0DAEE700673574 /* UIColor+AppColor.swift */; };
		429E2BF81E0DC29500673574 /* buchanan.ttf in Resources */ = {isa = PBXBuildFile; fileRef = 429E2BF51E0DC20B00673574 /* buchanan.ttf */; };
		429E2BF91E0DC29500673574 /* LinLibertine_R.ttf in Resources */ = {isa = PBXBuildFile; fileRef = 429E2BF71E0DC26800673574 /* LinLibertine_R.ttf */; };
		429E2BFA1E0DC29500673574 /* LinLibertine_RB.ttf in Resources */ = {isa = PBXBuildFile; fileRef = 429E2BF61E0DC21700673574 /* LinLibertine_RB.ttf */; };
		429E2BFC1E0DC34600673574 /* UIFont+AppFont.swift in Sources */ = {isa = PBXBuildFile; fileRef = 429E2BFB1E0DC34600673574 /* UIFont+AppFont.swift */; };
		429E2C031E1044FC00673574 /* ChallengeSectionViewCell.swift in Sources */ = {isa = PBXBuildFile; fileRef = 429E2C021E1044FC00673574 /* ChallengeSectionViewCell.swift */; };
		429E2C051E10773500673574 /* RankingTableViewCell.xib in Resources */ = {isa = PBXBuildFile; fileRef = 429E2C041E10773500673574 /* RankingTableViewCell.xib */; };
		42D1C4DE1DFC604500097770 /* DataRetainer.swift in Sources */ = {isa = PBXBuildFile; fileRef = 42D1C4DD1DFC604500097770 /* DataRetainer.swift */; };
		42D1C4E01DFEF99B00097770 /* GlobalRank.swift in Sources */ = {isa = PBXBuildFile; fileRef = 42D1C4DF1DFEF99B00097770 /* GlobalRank.swift */; };
		42D1C4E21DFF4C8B00097770 /* MonthlyRank.swift in Sources */ = {isa = PBXBuildFile; fileRef = 42D1C4E11DFF4C8B00097770 /* MonthlyRank.swift */; };
		42D1C4E41DFF506A00097770 /* OverallMonthlyRank.swift in Sources */ = {isa = PBXBuildFile; fileRef = 42D1C4E31DFF506A00097770 /* OverallMonthlyRank.swift */; };
		42D1C4E61E0201E200097770 /* ChallengeTableViewer.swift in Sources */ = {isa = PBXBuildFile; fileRef = 42D1C4E51E0201E200097770 /* ChallengeTableViewer.swift */; };
		42D1C4EA1E02054200097770 /* ChallengeTableViewCell.swift in Sources */ = {isa = PBXBuildFile; fileRef = 42D1C4E91E02054200097770 /* ChallengeTableViewCell.swift */; };
		42D1C4EC1E069F5900097770 /* ChallengerTableViewCellViewModel.swift in Sources */ = {isa = PBXBuildFile; fileRef = 42D1C4EB1E069F5900097770 /* ChallengerTableViewCellViewModel.swift */; };
		A52C7091AA70CF3B12811472 /* Pods_ITGFrenchLeague.framework in Frameworks */ = {isa = PBXBuildFile; fileRef = 946B3ECEB60E0B052EF257F8 /* Pods_ITGFrenchLeague.framework */; };
		B87737931E155E0A006495A6 /* GlobalRankingTableViewer.swift in Sources */ = {isa = PBXBuildFile; fileRef = B87737921E155E0A006495A6 /* GlobalRankingTableViewer.swift */; };
		B87737951E155E24006495A6 /* GlobalRankingTableViewCell.xib in Resources */ = {isa = PBXBuildFile; fileRef = B87737941E155E24006495A6 /* GlobalRankingTableViewCell.xib */; };
		B87737971E155E39006495A6 /* GlobalRankingTableViewCell.swift in Sources */ = {isa = PBXBuildFile; fileRef = B87737961E155E39006495A6 /* GlobalRankingTableViewCell.swift */; };
		B87737991E155E4B006495A6 /* GlobalRankingTableViewModel.swift in Sources */ = {isa = PBXBuildFile; fileRef = B87737981E155E4B006495A6 /* GlobalRankingTableViewModel.swift */; };
		B877379D1E156E2B006495A6 /* CommonTextFieldView.xib in Resources */ = {isa = PBXBuildFile; fileRef = B877379C1E156E2B006495A6 /* CommonTextFieldView.xib */; };
		B877379F1E1661F0006495A6 /* CommonTextFieldView.swift in Sources */ = {isa = PBXBuildFile; fileRef = B877379E1E1661F0006495A6 /* CommonTextFieldView.swift */; };
		B87737A11E166645006495A6 /* SendScoreViewer.swift in Sources */ = {isa = PBXBuildFile; fileRef = B87737A01E166645006495A6 /* SendScoreViewer.swift */; };
		B87737A31E16676B006495A6 /* SendScoreView.swift in Sources */ = {isa = PBXBuildFile; fileRef = B87737A21E16676B006495A6 /* SendScoreView.swift */; };
		B87737A91E16A70C006495A6 /* SongPickerView.swift in Sources */ = {isa = PBXBuildFile; fileRef = B87737A81E16A70C006495A6 /* SongPickerView.swift */; };
/* End PBXBuildFile section */

/* Begin PBXContainerItemProxy section */
		0F7EA31D1D59CCE0000A9362 /* PBXContainerItemProxy */ = {
			isa = PBXContainerItemProxy;
			containerPortal = 0F7EA3001D59CCDF000A9362 /* Project object */;
			proxyType = 1;
			remoteGlobalIDString = 0F7EA3071D59CCDF000A9362;
			remoteInfo = ITGFrenchLeague;
		};
		0F7EA3281D59CCE0000A9362 /* PBXContainerItemProxy */ = {
			isa = PBXContainerItemProxy;
			containerPortal = 0F7EA3001D59CCDF000A9362 /* Project object */;
			proxyType = 1;
			remoteGlobalIDString = 0F7EA3071D59CCDF000A9362;
			remoteInfo = ITGFrenchLeague;
		};
/* End PBXContainerItemProxy section */

/* Begin PBXFileReference section */
		0F7EA3081D59CCDF000A9362 /* ITGFrenchLeague.app */ = {isa = PBXFileReference; explicitFileType = wrapper.application; includeInIndex = 0; path = ITGFrenchLeague.app; sourceTree = BUILT_PRODUCTS_DIR; };
		0F7EA30B1D59CCE0000A9362 /* AppDelegate.swift */ = {isa = PBXFileReference; lastKnownFileType = sourcecode.swift; path = AppDelegate.swift; sourceTree = "<group>"; };
		0F7EA3101D59CCE0000A9362 /* Base */ = {isa = PBXFileReference; lastKnownFileType = file.storyboard; name = Base; path = Base.lproj/Main.storyboard; sourceTree = "<group>"; };
		0F7EA3121D59CCE0000A9362 /* Assets.xcassets */ = {isa = PBXFileReference; lastKnownFileType = folder.assetcatalog; path = Assets.xcassets; sourceTree = "<group>"; };
		0F7EA3151D59CCE0000A9362 /* Base */ = {isa = PBXFileReference; lastKnownFileType = file.storyboard; name = Base; path = Base.lproj/LaunchScreen.storyboard; sourceTree = "<group>"; };
		0F7EA3171D59CCE0000A9362 /* Info.plist */ = {isa = PBXFileReference; lastKnownFileType = text.plist.xml; path = Info.plist; sourceTree = "<group>"; };
		0F7EA31C1D59CCE0000A9362 /* ITGFrenchLeagueTests.xctest */ = {isa = PBXFileReference; explicitFileType = wrapper.cfbundle; includeInIndex = 0; path = ITGFrenchLeagueTests.xctest; sourceTree = BUILT_PRODUCTS_DIR; };
		0F7EA3201D59CCE0000A9362 /* ITGFrenchLeagueTests.swift */ = {isa = PBXFileReference; lastKnownFileType = sourcecode.swift; path = ITGFrenchLeagueTests.swift; sourceTree = "<group>"; };
		0F7EA3221D59CCE0000A9362 /* Info.plist */ = {isa = PBXFileReference; lastKnownFileType = text.plist.xml; path = Info.plist; sourceTree = "<group>"; };
		0F7EA3271D59CCE0000A9362 /* ITGFrenchLeagueUITests.xctest */ = {isa = PBXFileReference; explicitFileType = wrapper.cfbundle; includeInIndex = 0; path = ITGFrenchLeagueUITests.xctest; sourceTree = BUILT_PRODUCTS_DIR; };
		0F7EA32B1D59CCE0000A9362 /* ITGFrenchLeagueUITests.swift */ = {isa = PBXFileReference; lastKnownFileType = sourcecode.swift; path = ITGFrenchLeagueUITests.swift; sourceTree = "<group>"; };
		0F7EA32D1D59CCE0000A9362 /* Info.plist */ = {isa = PBXFileReference; lastKnownFileType = text.plist.xml; path = Info.plist; sourceTree = "<group>"; };
		0F7EA3411D59D5AA000A9362 /* MainMenuViewer.swift */ = {isa = PBXFileReference; fileEncoding = 4; lastKnownFileType = sourcecode.swift; path = MainMenuViewer.swift; sourceTree = "<group>"; };
		0F7EA34B1D5B65CE000A9362 /* DatabaseResponseService.swift */ = {isa = PBXFileReference; fileEncoding = 4; lastKnownFileType = sourcecode.swift; path = DatabaseResponseService.swift; sourceTree = "<group>"; };
		0F7EA34E1D5B69F0000A9362 /* Player.swift */ = {isa = PBXFileReference; fileEncoding = 4; lastKnownFileType = sourcecode.swift; path = Player.swift; sourceTree = "<group>"; };
		0F7EA3531D5DD37A000A9362 /* TabModelProtocol.swift */ = {isa = PBXFileReference; fileEncoding = 4; lastKnownFileType = sourcecode.swift; path = TabModelProtocol.swift; sourceTree = "<group>"; };
		0F7EA3571D5E11F0000A9362 /* Song.swift */ = {isa = PBXFileReference; fileEncoding = 4; lastKnownFileType = sourcecode.swift; path = Song.swift; sourceTree = "<group>"; };
		0F7EA3591D630147000A9362 /* DatabaseFormatService.swift */ = {isa = PBXFileReference; fileEncoding = 4; lastKnownFileType = sourcecode.swift; path = DatabaseFormatService.swift; sourceTree = "<group>"; };
		429E2BD71E06D7F700673574 /* GeneralRankingTableViewer.swift */ = {isa = PBXFileReference; fileEncoding = 4; lastKnownFileType = sourcecode.swift; path = GeneralRankingTableViewer.swift; sourceTree = "<group>"; };
		429E2BD91E06D80500673574 /* GeneralRankingTableViewCell.swift */ = {isa = PBXFileReference; fileEncoding = 4; lastKnownFileType = sourcecode.swift; path = GeneralRankingTableViewCell.swift; sourceTree = "<group>"; };
		429E2BDB1E073D0F00673574 /* GeneralRankingTableViewCellViewModel.swift */ = {isa = PBXFileReference; fileEncoding = 4; lastKnownFileType = sourcecode.swift; path = GeneralRankingTableViewCellViewModel.swift; sourceTree = "<group>"; };
		429E2BDD1E07466800673574 /* SpeedRankingTableViewer.swift */ = {isa = PBXFileReference; fileEncoding = 4; lastKnownFileType = sourcecode.swift; path = SpeedRankingTableViewer.swift; sourceTree = "<group>"; };
		429E2BE31E07475200673574 /* RankingTableViewCell.swift */ = {isa = PBXFileReference; fileEncoding = 4; lastKnownFileType = sourcecode.swift; path = RankingTableViewCell.swift; sourceTree = "<group>"; };
		429E2BE51E07476000673574 /* RankingTableViewModel.swift */ = {isa = PBXFileReference; fileEncoding = 4; lastKnownFileType = sourcecode.swift; path = RankingTableViewModel.swift; sourceTree = "<group>"; };
		429E2BE71E08A1E200673574 /* MonthlyRankingTableViewer.swift */ = {isa = PBXFileReference; fileEncoding = 4; lastKnownFileType = sourcecode.swift; path = MonthlyRankingTableViewer.swift; sourceTree = "<group>"; };
		429E2BE91E08A2BF00673574 /* StaminaRankingTableViewer.swift */ = {isa = PBXFileReference; fileEncoding = 4; lastKnownFileType = sourcecode.swift; path = StaminaRankingTableViewer.swift; sourceTree = "<group>"; };
		429E2BEB1E08A2ED00673574 /* TimingRankingTableViewer.swift */ = {isa = PBXFileReference; fileEncoding = 4; lastKnownFileType = sourcecode.swift; path = TimingRankingTableViewer.swift; sourceTree = "<group>"; };
		429E2BF01E0DAC8100673574 /* MenuButton.swift */ = {isa = PBXFileReference; fileEncoding = 4; lastKnownFileType = sourcecode.swift; path = MenuButton.swift; sourceTree = "<group>"; };
		429E2BF21E0DAEE700673574 /* UIColor+AppColor.swift */ = {isa = PBXFileReference; fileEncoding = 4; lastKnownFileType = sourcecode.swift; path = "UIColor+AppColor.swift"; sourceTree = "<group>"; };
		429E2BF51E0DC20B00673574 /* buchanan.ttf */ = {isa = PBXFileReference; lastKnownFileType = file; path = buchanan.ttf; sourceTree = "<group>"; };
		429E2BF61E0DC21700673574 /* LinLibertine_RB.ttf */ = {isa = PBXFileReference; lastKnownFileType = file; path = LinLibertine_RB.ttf; sourceTree = "<group>"; };
		429E2BF71E0DC26800673574 /* LinLibertine_R.ttf */ = {isa = PBXFileReference; lastKnownFileType = file; path = LinLibertine_R.ttf; sourceTree = "<group>"; };
		429E2BFB1E0DC34600673574 /* UIFont+AppFont.swift */ = {isa = PBXFileReference; fileEncoding = 4; lastKnownFileType = sourcecode.swift; path = "UIFont+AppFont.swift"; sourceTree = "<group>"; };
		429E2BFD1E0DEB8600673574 /* ITGFrenchLeague-Bridging-Header.h */ = {isa = PBXFileReference; lastKnownFileType = sourcecode.c.h; path = "ITGFrenchLeague-Bridging-Header.h"; sourceTree = "<group>"; };
		429E2C021E1044FC00673574 /* ChallengeSectionViewCell.swift */ = {isa = PBXFileReference; fileEncoding = 4; lastKnownFileType = sourcecode.swift; path = ChallengeSectionViewCell.swift; sourceTree = "<group>"; };
		429E2C041E10773500673574 /* RankingTableViewCell.xib */ = {isa = PBXFileReference; fileEncoding = 4; lastKnownFileType = file.xib; path = RankingTableViewCell.xib; sourceTree = "<group>"; };
		42D1C4DD1DFC604500097770 /* DataRetainer.swift */ = {isa = PBXFileReference; fileEncoding = 4; lastKnownFileType = sourcecode.swift; path = DataRetainer.swift; sourceTree = "<group>"; };
		42D1C4DF1DFEF99B00097770 /* GlobalRank.swift */ = {isa = PBXFileReference; fileEncoding = 4; lastKnownFileType = sourcecode.swift; path = GlobalRank.swift; sourceTree = "<group>"; };
		42D1C4E11DFF4C8B00097770 /* MonthlyRank.swift */ = {isa = PBXFileReference; fileEncoding = 4; lastKnownFileType = sourcecode.swift; path = MonthlyRank.swift; sourceTree = "<group>"; };
		42D1C4E31DFF506A00097770 /* OverallMonthlyRank.swift */ = {isa = PBXFileReference; fileEncoding = 4; lastKnownFileType = sourcecode.swift; path = OverallMonthlyRank.swift; sourceTree = "<group>"; };
		42D1C4E51E0201E200097770 /* ChallengeTableViewer.swift */ = {isa = PBXFileReference; fileEncoding = 4; lastKnownFileType = sourcecode.swift; path = ChallengeTableViewer.swift; sourceTree = "<group>"; };
		42D1C4E91E02054200097770 /* ChallengeTableViewCell.swift */ = {isa = PBXFileReference; fileEncoding = 4; lastKnownFileType = sourcecode.swift; path = ChallengeTableViewCell.swift; sourceTree = "<group>"; };
		42D1C4EB1E069F5900097770 /* ChallengerTableViewCellViewModel.swift */ = {isa = PBXFileReference; fileEncoding = 4; lastKnownFileType = sourcecode.swift; path = ChallengerTableViewCellViewModel.swift; sourceTree = "<group>"; };
		44AF0CCF6A2C388CDA722F3D /* Pods-ITGFrenchLeague.debug.xcconfig */ = {isa = PBXFileReference; includeInIndex = 1; lastKnownFileType = text.xcconfig; name = "Pods-ITGFrenchLeague.debug.xcconfig"; path = "Pods/Target Support Files/Pods-ITGFrenchLeague/Pods-ITGFrenchLeague.debug.xcconfig"; sourceTree = "<group>"; };
		5BAC9242AD03B1568EBE6075 /* Pods-ITGFrenchLeague.release.xcconfig */ = {isa = PBXFileReference; includeInIndex = 1; lastKnownFileType = text.xcconfig; name = "Pods-ITGFrenchLeague.release.xcconfig"; path = "Pods/Target Support Files/Pods-ITGFrenchLeague/Pods-ITGFrenchLeague.release.xcconfig"; sourceTree = "<group>"; };
		946B3ECEB60E0B052EF257F8 /* Pods_ITGFrenchLeague.framework */ = {isa = PBXFileReference; explicitFileType = wrapper.framework; includeInIndex = 0; path = Pods_ITGFrenchLeague.framework; sourceTree = BUILT_PRODUCTS_DIR; };
		B87737921E155E0A006495A6 /* GlobalRankingTableViewer.swift */ = {isa = PBXFileReference; fileEncoding = 4; lastKnownFileType = sourcecode.swift; path = GlobalRankingTableViewer.swift; sourceTree = "<group>"; };
		B87737941E155E24006495A6 /* GlobalRankingTableViewCell.xib */ = {isa = PBXFileReference; fileEncoding = 4; lastKnownFileType = file.xib; path = GlobalRankingTableViewCell.xib; sourceTree = "<group>"; };
		B87737961E155E39006495A6 /* GlobalRankingTableViewCell.swift */ = {isa = PBXFileReference; fileEncoding = 4; lastKnownFileType = sourcecode.swift; path = GlobalRankingTableViewCell.swift; sourceTree = "<group>"; };
		B87737981E155E4B006495A6 /* GlobalRankingTableViewModel.swift */ = {isa = PBXFileReference; fileEncoding = 4; lastKnownFileType = sourcecode.swift; path = GlobalRankingTableViewModel.swift; sourceTree = "<group>"; };
		B877379C1E156E2B006495A6 /* CommonTextFieldView.xib */ = {isa = PBXFileReference; fileEncoding = 4; lastKnownFileType = file.xib; path = CommonTextFieldView.xib; sourceTree = "<group>"; };
		B877379E1E1661F0006495A6 /* CommonTextFieldView.swift */ = {isa = PBXFileReference; fileEncoding = 4; lastKnownFileType = sourcecode.swift; path = CommonTextFieldView.swift; sourceTree = "<group>"; };
		B87737A01E166645006495A6 /* SendScoreViewer.swift */ = {isa = PBXFileReference; fileEncoding = 4; lastKnownFileType = sourcecode.swift; name = SendScoreViewer.swift; path = ITGFrenchLeague/Commons/SendScoreViewer.swift; sourceTree = SOURCE_ROOT; };
		B87737A21E16676B006495A6 /* SendScoreView.swift */ = {isa = PBXFileReference; fileEncoding = 4; lastKnownFileType = sourcecode.swift; name = SendScoreView.swift; path = ITGFrenchLeague/Commons/SendScoreView.swift; sourceTree = SOURCE_ROOT; };
		B87737A81E16A70C006495A6 /* SongPickerView.swift */ = {isa = PBXFileReference; fileEncoding = 4; lastKnownFileType = sourcecode.swift; path = SongPickerView.swift; sourceTree = "<group>"; };
/* End PBXFileReference section */

/* Begin PBXFrameworksBuildPhase section */
		0F7EA3051D59CCDF000A9362 /* Frameworks */ = {
			isa = PBXFrameworksBuildPhase;
			buildActionMask = 2147483647;
			files = (
				A52C7091AA70CF3B12811472 /* Pods_ITGFrenchLeague.framework in Frameworks */,
			);
			runOnlyForDeploymentPostprocessing = 0;
		};
		0F7EA3191D59CCE0000A9362 /* Frameworks */ = {
			isa = PBXFrameworksBuildPhase;
			buildActionMask = 2147483647;
			files = (
			);
			runOnlyForDeploymentPostprocessing = 0;
		};
		0F7EA3241D59CCE0000A9362 /* Frameworks */ = {
			isa = PBXFrameworksBuildPhase;
			buildActionMask = 2147483647;
			files = (
			);
			runOnlyForDeploymentPostprocessing = 0;
		};
/* End PBXFrameworksBuildPhase section */

/* Begin PBXGroup section */
		0F7EA2FF1D59CCDF000A9362 = {
			isa = PBXGroup;
			children = (
				0F7EA30A1D59CCE0000A9362 /* ITGFrenchLeague */,
				0F7EA31F1D59CCE0000A9362 /* ITGFrenchLeagueTests */,
				0F7EA32A1D59CCE0000A9362 /* ITGFrenchLeagueUITests */,
				0F7EA3091D59CCDF000A9362 /* Products */,
				F53953791EF995FA87EB6FF3 /* Pods */,
				4DB8B58DE9714F31C00B0DC3 /* Frameworks */,
			);
			sourceTree = "<group>";
		};
		0F7EA3091D59CCDF000A9362 /* Products */ = {
			isa = PBXGroup;
			children = (
				0F7EA3081D59CCDF000A9362 /* ITGFrenchLeague.app */,
				0F7EA31C1D59CCE0000A9362 /* ITGFrenchLeagueTests.xctest */,
				0F7EA3271D59CCE0000A9362 /* ITGFrenchLeagueUITests.xctest */,
			);
			name = Products;
			sourceTree = "<group>";
		};
		0F7EA30A1D59CCE0000A9362 /* ITGFrenchLeague */ = {
			isa = PBXGroup;
			children = (
				0F7EA30B1D59CCE0000A9362 /* AppDelegate.swift */,
				0F7EA3401D59D216000A9362 /* MainMenu */,
				0F7EA33C1D59D1F0000A9362 /* Challenge */,
				0F7EA33D1D59D1F0000A9362 /* GeneralRanking */,
				0F7EA33E1D59D1F0000A9362 /* MonthlyRanking */,
				B87737911E155E0A006495A6 /* GlobalRanking */,
				0F7EA33F1D59D1F0000A9362 /* SendScore */,
				0F7EA34A1D5B63EF000A9362 /* Services */,
				0F7EA34D1D5B69E5000A9362 /* Models */,
				429E2BF41E0DC1E900673574 /* Ressources */,
				429E2BED1E0DABC700673574 /* Commons */,
				0F7EA3121D59CCE0000A9362 /* Assets.xcassets */,
				0F7EA3141D59CCE0000A9362 /* LaunchScreen.storyboard */,
				0F7EA3171D59CCE0000A9362 /* Info.plist */,
				429E2BFD1E0DEB8600673574 /* ITGFrenchLeague-Bridging-Header.h */,
			);
			path = ITGFrenchLeague;
			sourceTree = "<group>";
		};
		0F7EA31F1D59CCE0000A9362 /* ITGFrenchLeagueTests */ = {
			isa = PBXGroup;
			children = (
				0F7EA3201D59CCE0000A9362 /* ITGFrenchLeagueTests.swift */,
				0F7EA3221D59CCE0000A9362 /* Info.plist */,
			);
			path = ITGFrenchLeagueTests;
			sourceTree = "<group>";
		};
		0F7EA32A1D59CCE0000A9362 /* ITGFrenchLeagueUITests */ = {
			isa = PBXGroup;
			children = (
				0F7EA32B1D59CCE0000A9362 /* ITGFrenchLeagueUITests.swift */,
				0F7EA32D1D59CCE0000A9362 /* Info.plist */,
			);
			path = ITGFrenchLeagueUITests;
			sourceTree = "<group>";
		};
		0F7EA33C1D59D1F0000A9362 /* Challenge */ = {
			isa = PBXGroup;
			children = (
				42D1C4E51E0201E200097770 /* ChallengeTableViewer.swift */,
				42D1C4E91E02054200097770 /* ChallengeTableViewCell.swift */,
				42D1C4EB1E069F5900097770 /* ChallengerTableViewCellViewModel.swift */,
				429E2C021E1044FC00673574 /* ChallengeSectionViewCell.swift */,
			);
			path = Challenge;
			sourceTree = "<group>";
		};
		0F7EA33D1D59D1F0000A9362 /* GeneralRanking */ = {
			isa = PBXGroup;
			children = (
				429E2BD71E06D7F700673574 /* GeneralRankingTableViewer.swift */,
				429E2BD91E06D80500673574 /* GeneralRankingTableViewCell.swift */,
				429E2BDB1E073D0F00673574 /* GeneralRankingTableViewCellViewModel.swift */,
			);
			path = GeneralRanking;
			sourceTree = "<group>";
		};
		0F7EA33E1D59D1F0000A9362 /* MonthlyRanking */ = {
			isa = PBXGroup;
			children = (
				429E2BE71E08A1E200673574 /* MonthlyRankingTableViewer.swift */,
				429E2BDD1E07466800673574 /* SpeedRankingTableViewer.swift */,
				429E2BE91E08A2BF00673574 /* StaminaRankingTableViewer.swift */,
				429E2BEB1E08A2ED00673574 /* TimingRankingTableViewer.swift */,
				429E2C041E10773500673574 /* RankingTableViewCell.xib */,
				429E2BE31E07475200673574 /* RankingTableViewCell.swift */,
				429E2BE51E07476000673574 /* RankingTableViewModel.swift */,
			);
			path = MonthlyRanking;
			sourceTree = "<group>";
		};
		0F7EA33F1D59D1F0000A9362 /* SendScore */ = {
			isa = PBXGroup;
			children = (
				B87737A01E166645006495A6 /* SendScoreViewer.swift */,
				B87737A21E16676B006495A6 /* SendScoreView.swift */,
			);
			path = SendScore;
			sourceTree = "<group>";
		};
		0F7EA3401D59D216000A9362 /* MainMenu */ = {
			isa = PBXGroup;
			children = (
				0F7EA30F1D59CCE0000A9362 /* Main.storyboard */,
				0F7EA3411D59D5AA000A9362 /* MainMenuViewer.swift */,
			);
			path = MainMenu;
			sourceTree = "<group>";
		};
		0F7EA34A1D5B63EF000A9362 /* Services */ = {
			isa = PBXGroup;
			children = (
				0F7EA34B1D5B65CE000A9362 /* DatabaseResponseService.swift */,
				0F7EA3591D630147000A9362 /* DatabaseFormatService.swift */,
				42D1C4DD1DFC604500097770 /* DataRetainer.swift */,
			);
			path = Services;
			sourceTree = "<group>";
		};
		0F7EA34D1D5B69E5000A9362 /* Models */ = {
			isa = PBXGroup;
			children = (
				0F7EA3531D5DD37A000A9362 /* TabModelProtocol.swift */,
				0F7EA34E1D5B69F0000A9362 /* Player.swift */,
				0F7EA3571D5E11F0000A9362 /* Song.swift */,
				42D1C4DF1DFEF99B00097770 /* GlobalRank.swift */,
				42D1C4E11DFF4C8B00097770 /* MonthlyRank.swift */,
				42D1C4E31DFF506A00097770 /* OverallMonthlyRank.swift */,
			);
			path = Models;
			sourceTree = "<group>";
		};
		429E2BED1E0DABC700673574 /* Commons */ = {
			isa = PBXGroup;
			children = (
				429E2BF01E0DAC8100673574 /* MenuButton.swift */,
				429E2BF21E0DAEE700673574 /* UIColor+AppColor.swift */,
				429E2BFB1E0DC34600673574 /* UIFont+AppFont.swift */,
				B877379C1E156E2B006495A6 /* CommonTextFieldView.xib */,
				B877379E1E1661F0006495A6 /* CommonTextFieldView.swift */,
				B87737A81E16A70C006495A6 /* SongPickerView.swift */,
			);
			name = Commons;
			path = ITGFrenchLeague/Commons;
			sourceTree = SOURCE_ROOT;
		};
		429E2BF41E0DC1E900673574 /* Ressources */ = {
			isa = PBXGroup;
			children = (
				429E2BF51E0DC20B00673574 /* buchanan.ttf */,
				429E2BF71E0DC26800673574 /* LinLibertine_R.ttf */,
				429E2BF61E0DC21700673574 /* LinLibertine_RB.ttf */,
			);
			path = Ressources;
			sourceTree = "<group>";
		};
		4DB8B58DE9714F31C00B0DC3 /* Frameworks */ = {
			isa = PBXGroup;
			children = (
				946B3ECEB60E0B052EF257F8 /* Pods_ITGFrenchLeague.framework */,
			);
			name = Frameworks;
			sourceTree = "<group>";
		};
		B87737911E155E0A006495A6 /* GlobalRanking */ = {
			isa = PBXGroup;
			children = (
				B87737921E155E0A006495A6 /* GlobalRankingTableViewer.swift */,
				B87737941E155E24006495A6 /* GlobalRankingTableViewCell.xib */,
				B87737961E155E39006495A6 /* GlobalRankingTableViewCell.swift */,
				B87737981E155E4B006495A6 /* GlobalRankingTableViewModel.swift */,
			);
			path = GlobalRanking;
			sourceTree = "<group>";
		};
		F53953791EF995FA87EB6FF3 /* Pods */ = {
			isa = PBXGroup;
			children = (
				44AF0CCF6A2C388CDA722F3D /* Pods-ITGFrenchLeague.debug.xcconfig */,
				5BAC9242AD03B1568EBE6075 /* Pods-ITGFrenchLeague.release.xcconfig */,
			);
			name = Pods;
			sourceTree = "<group>";
		};
/* End PBXGroup section */

/* Begin PBXNativeTarget section */
		0F7EA3071D59CCDF000A9362 /* ITGFrenchLeague */ = {
			isa = PBXNativeTarget;
			buildConfigurationList = 0F7EA3301D59CCE0000A9362 /* Build configuration list for PBXNativeTarget "ITGFrenchLeague" */;
			buildPhases = (
				43F0E860DEBE93E57B557964 /* [CP] Check Pods Manifest.lock */,
				0F7EA3041D59CCDF000A9362 /* Sources */,
				0F7EA3051D59CCDF000A9362 /* Frameworks */,
				0F7EA3061D59CCDF000A9362 /* Resources */,
				99820EF3D5CBA11D29CF4F56 /* [CP] Embed Pods Frameworks */,
				AC2C0C77014A6AA27B52CBA7 /* [CP] Copy Pods Resources */,
			);
			buildRules = (
			);
			dependencies = (
			);
			name = ITGFrenchLeague;
			productName = ITGFrenchLeague;
			productReference = 0F7EA3081D59CCDF000A9362 /* ITGFrenchLeague.app */;
			productType = "com.apple.product-type.application";
		};
		0F7EA31B1D59CCE0000A9362 /* ITGFrenchLeagueTests */ = {
			isa = PBXNativeTarget;
			buildConfigurationList = 0F7EA3331D59CCE0000A9362 /* Build configuration list for PBXNativeTarget "ITGFrenchLeagueTests" */;
			buildPhases = (
				0F7EA3181D59CCE0000A9362 /* Sources */,
				0F7EA3191D59CCE0000A9362 /* Frameworks */,
				0F7EA31A1D59CCE0000A9362 /* Resources */,
			);
			buildRules = (
			);
			dependencies = (
				0F7EA31E1D59CCE0000A9362 /* PBXTargetDependency */,
			);
			name = ITGFrenchLeagueTests;
			productName = ITGFrenchLeagueTests;
			productReference = 0F7EA31C1D59CCE0000A9362 /* ITGFrenchLeagueTests.xctest */;
			productType = "com.apple.product-type.bundle.unit-test";
		};
		0F7EA3261D59CCE0000A9362 /* ITGFrenchLeagueUITests */ = {
			isa = PBXNativeTarget;
			buildConfigurationList = 0F7EA3361D59CCE0000A9362 /* Build configuration list for PBXNativeTarget "ITGFrenchLeagueUITests" */;
			buildPhases = (
				0F7EA3231D59CCE0000A9362 /* Sources */,
				0F7EA3241D59CCE0000A9362 /* Frameworks */,
				0F7EA3251D59CCE0000A9362 /* Resources */,
			);
			buildRules = (
			);
			dependencies = (
				0F7EA3291D59CCE0000A9362 /* PBXTargetDependency */,
			);
			name = ITGFrenchLeagueUITests;
			productName = ITGFrenchLeagueUITests;
			productReference = 0F7EA3271D59CCE0000A9362 /* ITGFrenchLeagueUITests.xctest */;
			productType = "com.apple.product-type.bundle.ui-testing";
		};
/* End PBXNativeTarget section */

/* Begin PBXProject section */
		0F7EA3001D59CCDF000A9362 /* Project object */ = {
			isa = PBXProject;
			attributes = {
				LastSwiftUpdateCheck = 0730;
				LastUpgradeCheck = 0810;
				ORGANIZATIONNAME = Fjuteau;
				TargetAttributes = {
					0F7EA3071D59CCDF000A9362 = {
						CreatedOnToolsVersion = 7.3.1;
					};
					0F7EA31B1D59CCE0000A9362 = {
						CreatedOnToolsVersion = 7.3.1;
						TestTargetID = 0F7EA3071D59CCDF000A9362;
					};
					0F7EA3261D59CCE0000A9362 = {
						CreatedOnToolsVersion = 7.3.1;
						TestTargetID = 0F7EA3071D59CCDF000A9362;
					};
				};
			};
			buildConfigurationList = 0F7EA3031D59CCDF000A9362 /* Build configuration list for PBXProject "ITGFrenchLeague" */;
			compatibilityVersion = "Xcode 3.2";
			developmentRegion = English;
			hasScannedForEncodings = 0;
			knownRegions = (
				en,
				Base,
			);
			mainGroup = 0F7EA2FF1D59CCDF000A9362;
			productRefGroup = 0F7EA3091D59CCDF000A9362 /* Products */;
			projectDirPath = "";
			projectRoot = "";
			targets = (
				0F7EA3071D59CCDF000A9362 /* ITGFrenchLeague */,
				0F7EA31B1D59CCE0000A9362 /* ITGFrenchLeagueTests */,
				0F7EA3261D59CCE0000A9362 /* ITGFrenchLeagueUITests */,
			);
		};
/* End PBXProject section */

/* Begin PBXResourcesBuildPhase section */
		0F7EA3061D59CCDF000A9362 /* Resources */ = {
			isa = PBXResourcesBuildPhase;
			buildActionMask = 2147483647;
			files = (
				429E2BF81E0DC29500673574 /* buchanan.ttf in Resources */,
				B877379D1E156E2B006495A6 /* CommonTextFieldView.xib in Resources */,
				429E2BF91E0DC29500673574 /* LinLibertine_R.ttf in Resources */,
				429E2BFA1E0DC29500673574 /* LinLibertine_RB.ttf in Resources */,
				0F7EA3161D59CCE0000A9362 /* LaunchScreen.storyboard in Resources */,
				429E2C051E10773500673574 /* RankingTableViewCell.xib in Resources */,
				B87737951E155E24006495A6 /* GlobalRankingTableViewCell.xib in Resources */,
				0F7EA3131D59CCE0000A9362 /* Assets.xcassets in Resources */,
				0F7EA3111D59CCE0000A9362 /* Main.storyboard in Resources */,
			);
			runOnlyForDeploymentPostprocessing = 0;
		};
		0F7EA31A1D59CCE0000A9362 /* Resources */ = {
			isa = PBXResourcesBuildPhase;
			buildActionMask = 2147483647;
			files = (
			);
			runOnlyForDeploymentPostprocessing = 0;
		};
		0F7EA3251D59CCE0000A9362 /* Resources */ = {
			isa = PBXResourcesBuildPhase;
			buildActionMask = 2147483647;
			files = (
			);
			runOnlyForDeploymentPostprocessing = 0;
		};
/* End PBXResourcesBuildPhase section */

/* Begin PBXShellScriptBuildPhase section */
		43F0E860DEBE93E57B557964 /* [CP] Check Pods Manifest.lock */ = {
			isa = PBXShellScriptBuildPhase;
			buildActionMask = 2147483647;
			files = (
			);
			inputPaths = (
			);
			name = "[CP] Check Pods Manifest.lock";
			outputPaths = (
			);
			runOnlyForDeploymentPostprocessing = 0;
			shellPath = /bin/sh;
			shellScript = "diff \"${PODS_ROOT}/../Podfile.lock\" \"${PODS_ROOT}/Manifest.lock\" > /dev/null\nif [ $? != 0 ] ; then\n    # print error to STDERR\n    echo \"error: The sandbox is not in sync with the Podfile.lock. Run 'pod install' or update your CocoaPods installation.\" >&2\n    exit 1\nfi\n";
			showEnvVarsInLog = 0;
		};
		99820EF3D5CBA11D29CF4F56 /* [CP] Embed Pods Frameworks */ = {
			isa = PBXShellScriptBuildPhase;
			buildActionMask = 2147483647;
			files = (
			);
			inputPaths = (
			);
			name = "[CP] Embed Pods Frameworks";
			outputPaths = (
			);
			runOnlyForDeploymentPostprocessing = 0;
			shellPath = /bin/sh;
			shellScript = "\"${SRCROOT}/Pods/Target Support Files/Pods-ITGFrenchLeague/Pods-ITGFrenchLeague-frameworks.sh\"\n";
			showEnvVarsInLog = 0;
		};
		AC2C0C77014A6AA27B52CBA7 /* [CP] Copy Pods Resources */ = {
			isa = PBXShellScriptBuildPhase;
			buildActionMask = 2147483647;
			files = (
			);
			inputPaths = (
			);
			name = "[CP] Copy Pods Resources";
			outputPaths = (
			);
			runOnlyForDeploymentPostprocessing = 0;
			shellPath = /bin/sh;
			shellScript = "\"${SRCROOT}/Pods/Target Support Files/Pods-ITGFrenchLeague/Pods-ITGFrenchLeague-resources.sh\"\n";
			showEnvVarsInLog = 0;
		};
/* End PBXShellScriptBuildPhase section */

/* Begin PBXSourcesBuildPhase section */
		0F7EA3041D59CCDF000A9362 /* Sources */ = {
			isa = PBXSourcesBuildPhase;
			buildActionMask = 2147483647;
			files = (
				429E2C031E1044FC00673574 /* ChallengeSectionViewCell.swift in Sources */,
				B877379F1E1661F0006495A6 /* CommonTextFieldView.swift in Sources */,
				429E2BDC1E073D0F00673574 /* GeneralRankingTableViewCellViewModel.swift in Sources */,
				0F7EA34F1D5B69F0000A9362 /* Player.swift in Sources */,
				429E2BE81E08A1E200673574 /* MonthlyRankingTableViewer.swift in Sources */,
				429E2BE41E07475200673574 /* RankingTableViewCell.swift in Sources */,
				B87737971E155E39006495A6 /* GlobalRankingTableViewCell.swift in Sources */,
				0F7EA3581D5E11F0000A9362 /* Song.swift in Sources */,
				B87737A91E16A70C006495A6 /* SongPickerView.swift in Sources */,
				429E2BEA1E08A2BF00673574 /* StaminaRankingTableViewer.swift in Sources */,
				429E2BE61E07476000673574 /* RankingTableViewModel.swift in Sources */,
				429E2BFC1E0DC34600673574 /* UIFont+AppFont.swift in Sources */,
				42D1C4E41DFF506A00097770 /* OverallMonthlyRank.swift in Sources */,
				B87737A31E16676B006495A6 /* SendScoreView.swift in Sources */,
				429E2BDE1E07466800673574 /* SpeedRankingTableViewer.swift in Sources */,
				0F7EA34C1D5B65CE000A9362 /* DatabaseResponseService.swift in Sources */,
				42D1C4EC1E069F5900097770 /* ChallengerTableViewCellViewModel.swift in Sources */,
				42D1C4E01DFEF99B00097770 /* GlobalRank.swift in Sources */,
				0F7EA35A1D630147000A9362 /* DatabaseFormatService.swift in Sources */,
				42D1C4DE1DFC604500097770 /* DataRetainer.swift in Sources */,
				429E2BF31E0DAEE700673574 /* UIColor+AppColor.swift in Sources */,
				42D1C4E61E0201E200097770 /* ChallengeTableViewer.swift in Sources */,
				42D1C4EA1E02054200097770 /* ChallengeTableViewCell.swift in Sources */,
				0F7EA30C1D59CCE0000A9362 /* AppDelegate.swift in Sources */,
				429E2BDA1E06D80500673574 /* GeneralRankingTableViewCell.swift in Sources */,
				429E2BEC1E08A2ED00673574 /* TimingRankingTableViewer.swift in Sources */,
				B87737991E155E4B006495A6 /* GlobalRankingTableViewModel.swift in Sources */,
				B87737931E155E0A006495A6 /* GlobalRankingTableViewer.swift in Sources */,
				429E2BD81E06D7F700673574 /* GeneralRankingTableViewer.swift in Sources */,
				429E2BF11E0DAC8100673574 /* MenuButton.swift in Sources */,
				42D1C4E21DFF4C8B00097770 /* MonthlyRank.swift in Sources */,
				B87737A11E166645006495A6 /* SendScoreViewer.swift in Sources */,
				0F7EA3421D59D5AA000A9362 /* MainMenuViewer.swift in Sources */,
				0F7EA3541D5DD37A000A9362 /* TabModelProtocol.swift in Sources */,
			);
			runOnlyForDeploymentPostprocessing = 0;
		};
		0F7EA3181D59CCE0000A9362 /* Sources */ = {
			isa = PBXSourcesBuildPhase;
			buildActionMask = 2147483647;
			files = (
				0F7EA3211D59CCE0000A9362 /* ITGFrenchLeagueTests.swift in Sources */,
			);
			runOnlyForDeploymentPostprocessing = 0;
		};
		0F7EA3231D59CCE0000A9362 /* Sources */ = {
			isa = PBXSourcesBuildPhase;
			buildActionMask = 2147483647;
			files = (
				0F7EA32C1D59CCE0000A9362 /* ITGFrenchLeagueUITests.swift in Sources */,
			);
			runOnlyForDeploymentPostprocessing = 0;
		};
/* End PBXSourcesBuildPhase section */

/* Begin PBXTargetDependency section */
		0F7EA31E1D59CCE0000A9362 /* PBXTargetDependency */ = {
			isa = PBXTargetDependency;
			target = 0F7EA3071D59CCDF000A9362 /* ITGFrenchLeague */;
			targetProxy = 0F7EA31D1D59CCE0000A9362 /* PBXContainerItemProxy */;
		};
		0F7EA3291D59CCE0000A9362 /* PBXTargetDependency */ = {
			isa = PBXTargetDependency;
			target = 0F7EA3071D59CCDF000A9362 /* ITGFrenchLeague */;
			targetProxy = 0F7EA3281D59CCE0000A9362 /* PBXContainerItemProxy */;
		};
/* End PBXTargetDependency section */

/* Begin PBXVariantGroup section */
		0F7EA30F1D59CCE0000A9362 /* Main.storyboard */ = {
			isa = PBXVariantGroup;
			children = (
				0F7EA3101D59CCE0000A9362 /* Base */,
			);
			name = Main.storyboard;
			path = ..;
			sourceTree = "<group>";
		};
		0F7EA3141D59CCE0000A9362 /* LaunchScreen.storyboard */ = {
			isa = PBXVariantGroup;
			children = (
				0F7EA3151D59CCE0000A9362 /* Base */,
			);
			name = LaunchScreen.storyboard;
			sourceTree = "<group>";
		};
/* End PBXVariantGroup section */

/* Begin XCBuildConfiguration section */
		0F7EA32E1D59CCE0000A9362 /* Debug */ = {
			isa = XCBuildConfiguration;
			buildSettings = {
				ALWAYS_SEARCH_USER_PATHS = NO;
				CLANG_ANALYZER_NONNULL = YES;
				CLANG_CXX_LANGUAGE_STANDARD = "gnu++0x";
				CLANG_CXX_LIBRARY = "libc++";
				CLANG_ENABLE_MODULES = YES;
				CLANG_ENABLE_OBJC_ARC = YES;
				CLANG_WARN_BOOL_CONVERSION = YES;
				CLANG_WARN_CONSTANT_CONVERSION = YES;
				CLANG_WARN_DIRECT_OBJC_ISA_USAGE = YES_ERROR;
				CLANG_WARN_EMPTY_BODY = YES;
				CLANG_WARN_ENUM_CONVERSION = YES;
				CLANG_WARN_INFINITE_RECURSION = YES;
				CLANG_WARN_INT_CONVERSION = YES;
				CLANG_WARN_OBJC_ROOT_CLASS = YES_ERROR;
				CLANG_WARN_SUSPICIOUS_MOVE = YES;
				CLANG_WARN_UNREACHABLE_CODE = YES;
				CLANG_WARN__DUPLICATE_METHOD_MATCH = YES;
				"CODE_SIGN_IDENTITY[sdk=iphoneos*]" = "iPhone Developer";
				COPY_PHASE_STRIP = NO;
				DEBUG_INFORMATION_FORMAT = dwarf;
				ENABLE_STRICT_OBJC_MSGSEND = YES;
				ENABLE_TESTABILITY = YES;
				GCC_C_LANGUAGE_STANDARD = gnu99;
				GCC_DYNAMIC_NO_PIC = NO;
				GCC_NO_COMMON_BLOCKS = YES;
				GCC_OPTIMIZATION_LEVEL = 0;
				GCC_PREPROCESSOR_DEFINITIONS = (
					"DEBUG=1",
					"$(inherited)",
				);
				GCC_WARN_64_TO_32_BIT_CONVERSION = YES;
				GCC_WARN_ABOUT_RETURN_TYPE = YES_ERROR;
				GCC_WARN_UNDECLARED_SELECTOR = YES;
				GCC_WARN_UNINITIALIZED_AUTOS = YES_AGGRESSIVE;
				GCC_WARN_UNUSED_FUNCTION = YES;
				GCC_WARN_UNUSED_VARIABLE = YES;
				IPHONEOS_DEPLOYMENT_TARGET = 9.3;
				MTL_ENABLE_DEBUG_INFO = YES;
				ONLY_ACTIVE_ARCH = YES;
				SDKROOT = iphoneos;
				SWIFT_OPTIMIZATION_LEVEL = "-Onone";
				SWIFT_VERSION = 3.0.1;
				TARGETED_DEVICE_FAMILY = "1,2";
			};
			name = Debug;
		};
		0F7EA32F1D59CCE0000A9362 /* Release */ = {
			isa = XCBuildConfiguration;
			buildSettings = {
				ALWAYS_SEARCH_USER_PATHS = NO;
				CLANG_ANALYZER_NONNULL = YES;
				CLANG_CXX_LANGUAGE_STANDARD = "gnu++0x";
				CLANG_CXX_LIBRARY = "libc++";
				CLANG_ENABLE_MODULES = YES;
				CLANG_ENABLE_OBJC_ARC = YES;
				CLANG_WARN_BOOL_CONVERSION = YES;
				CLANG_WARN_CONSTANT_CONVERSION = YES;
				CLANG_WARN_DIRECT_OBJC_ISA_USAGE = YES_ERROR;
				CLANG_WARN_EMPTY_BODY = YES;
				CLANG_WARN_ENUM_CONVERSION = YES;
				CLANG_WARN_INFINITE_RECURSION = YES;
				CLANG_WARN_INT_CONVERSION = YES;
				CLANG_WARN_OBJC_ROOT_CLASS = YES_ERROR;
				CLANG_WARN_SUSPICIOUS_MOVE = YES;
				CLANG_WARN_UNREACHABLE_CODE = YES;
				CLANG_WARN__DUPLICATE_METHOD_MATCH = YES;
				"CODE_SIGN_IDENTITY[sdk=iphoneos*]" = "iPhone Developer";
				COPY_PHASE_STRIP = NO;
				DEBUG_INFORMATION_FORMAT = "dwarf-with-dsym";
				ENABLE_NS_ASSERTIONS = NO;
				ENABLE_STRICT_OBJC_MSGSEND = YES;
				GCC_C_LANGUAGE_STANDARD = gnu99;
				GCC_NO_COMMON_BLOCKS = YES;
				GCC_WARN_64_TO_32_BIT_CONVERSION = YES;
				GCC_WARN_ABOUT_RETURN_TYPE = YES_ERROR;
				GCC_WARN_UNDECLARED_SELECTOR = YES;
				GCC_WARN_UNINITIALIZED_AUTOS = YES_AGGRESSIVE;
				GCC_WARN_UNUSED_FUNCTION = YES;
				GCC_WARN_UNUSED_VARIABLE = YES;
				IPHONEOS_DEPLOYMENT_TARGET = 9.3;
				MTL_ENABLE_DEBUG_INFO = NO;
				SDKROOT = iphoneos;
				SWIFT_OPTIMIZATION_LEVEL = "-Owholemodule";
				SWIFT_VERSION = 3.0.1;
				TARGETED_DEVICE_FAMILY = "1,2";
				VALIDATE_PRODUCT = YES;
			};
			name = Release;
		};
		0F7EA3311D59CCE0000A9362 /* Debug */ = {
			isa = XCBuildConfiguration;
			baseConfigurationReference = 44AF0CCF6A2C388CDA722F3D /* Pods-ITGFrenchLeague.debug.xcconfig */;
			buildSettings = {
				ALWAYS_EMBED_SWIFT_STANDARD_LIBRARIES = YES;
				ASSETCATALOG_COMPILER_APPICON_NAME = AppIcon;
				CLANG_ENABLE_MODULES = YES;
				INFOPLIST_FILE = ITGFrenchLeague/Info.plist;
				LD_RUNPATH_SEARCH_PATHS = "$(inherited) @executable_path/Frameworks";
				PRODUCT_BUNDLE_IDENTIFIER = Fjuteau.ITGFrenchLeague;
				PRODUCT_NAME = "$(TARGET_NAME)";
				SWIFT_OBJC_BRIDGING_HEADER = "ITGFrenchLeague/ITGFrenchLeague-Bridging-Header.h";
				SWIFT_OPTIMIZATION_LEVEL = "-Onone";
			};
			name = Debug;
		};
		0F7EA3321D59CCE0000A9362 /* Release */ = {
			isa = XCBuildConfiguration;
			baseConfigurationReference = 5BAC9242AD03B1568EBE6075 /* Pods-ITGFrenchLeague.release.xcconfig */;
			buildSettings = {
				ALWAYS_EMBED_SWIFT_STANDARD_LIBRARIES = YES;
				ASSETCATALOG_COMPILER_APPICON_NAME = AppIcon;
				CLANG_ENABLE_MODULES = YES;
				INFOPLIST_FILE = ITGFrenchLeague/Info.plist;
				LD_RUNPATH_SEARCH_PATHS = "$(inherited) @executable_path/Frameworks";
				PRODUCT_BUNDLE_IDENTIFIER = Fjuteau.ITGFrenchLeague;
				PRODUCT_NAME = "$(TARGET_NAME)";
				SWIFT_OBJC_BRIDGING_HEADER = "ITGFrenchLeague/ITGFrenchLeague-Bridging-Header.h";
			};
			name = Release;
		};
		0F7EA3341D59CCE0000A9362 /* Debug */ = {
			isa = XCBuildConfiguration;
			buildSettings = {
				BUNDLE_LOADER = "$(TEST_HOST)";
				INFOPLIST_FILE = ITGFrenchLeagueTests/Info.plist;
				LD_RUNPATH_SEARCH_PATHS = "$(inherited) @executable_path/Frameworks @loader_path/Frameworks";
				PRODUCT_BUNDLE_IDENTIFIER = Fjuteau.ITGFrenchLeagueTests;
				PRODUCT_NAME = "$(TARGET_NAME)";
				TEST_HOST = "$(BUILT_PRODUCTS_DIR)/ITGFrenchLeague.app/ITGFrenchLeague";
			};
			name = Debug;
		};
		0F7EA3351D59CCE0000A9362 /* Release */ = {
			isa = XCBuildConfiguration;
			buildSettings = {
				BUNDLE_LOADER = "$(TEST_HOST)";
				INFOPLIST_FILE = ITGFrenchLeagueTests/Info.plist;
				LD_RUNPATH_SEARCH_PATHS = "$(inherited) @executable_path/Frameworks @loader_path/Frameworks";
				PRODUCT_BUNDLE_IDENTIFIER = Fjuteau.ITGFrenchLeagueTests;
				PRODUCT_NAME = "$(TARGET_NAME)";
				TEST_HOST = "$(BUILT_PRODUCTS_DIR)/ITGFrenchLeague.app/ITGFrenchLeague";
			};
			name = Release;
		};
		0F7EA3371D59CCE0000A9362 /* Debug */ = {
			isa = XCBuildConfiguration;
			buildSettings = {
				INFOPLIST_FILE = ITGFrenchLeagueUITests/Info.plist;
				LD_RUNPATH_SEARCH_PATHS = "$(inherited) @executable_path/Frameworks @loader_path/Frameworks";
				PRODUCT_BUNDLE_IDENTIFIER = Fjuteau.ITGFrenchLeagueUITests;
				PRODUCT_NAME = "$(TARGET_NAME)";
				TEST_TARGET_NAME = ITGFrenchLeague;
			};
			name = Debug;
		};
		0F7EA3381D59CCE0000A9362 /* Release */ = {
			isa = XCBuildConfiguration;
			buildSettings = {
				INFOPLIST_FILE = ITGFrenchLeagueUITests/Info.plist;
				LD_RUNPATH_SEARCH_PATHS = "$(inherited) @executable_path/Frameworks @loader_path/Frameworks";
				PRODUCT_BUNDLE_IDENTIFIER = Fjuteau.ITGFrenchLeagueUITests;
				PRODUCT_NAME = "$(TARGET_NAME)";
				TEST_TARGET_NAME = ITGFrenchLeague;
			};
			name = Release;
		};
/* End XCBuildConfiguration section */

/* Begin XCConfigurationList section */
		0F7EA3031D59CCDF000A9362 /* Build configuration list for PBXProject "ITGFrenchLeague" */ = {
			isa = XCConfigurationList;
			buildConfigurations = (
				0F7EA32E1D59CCE0000A9362 /* Debug */,
				0F7EA32F1D59CCE0000A9362 /* Release */,
			);
			defaultConfigurationIsVisible = 0;
			defaultConfigurationName = Release;
		};
		0F7EA3301D59CCE0000A9362 /* Build configuration list for PBXNativeTarget "ITGFrenchLeague" */ = {
			isa = XCConfigurationList;
			buildConfigurations = (
				0F7EA3311D59CCE0000A9362 /* Debug */,
				0F7EA3321D59CCE0000A9362 /* Release */,
			);
			defaultConfigurationIsVisible = 0;
			defaultConfigurationName = Release;
		};
		0F7EA3331D59CCE0000A9362 /* Build configuration list for PBXNativeTarget "ITGFrenchLeagueTests" */ = {
			isa = XCConfigurationList;
			buildConfigurations = (
				0F7EA3341D59CCE0000A9362 /* Debug */,
				0F7EA3351D59CCE0000A9362 /* Release */,
			);
			defaultConfigurationIsVisible = 0;
			defaultConfigurationName = Release;
		};
		0F7EA3361D59CCE0000A9362 /* Build configuration list for PBXNativeTarget "ITGFrenchLeagueUITests" */ = {
			isa = XCConfigurationList;
			buildConfigurations = (
				0F7EA3371D59CCE0000A9362 /* Debug */,
				0F7EA3381D59CCE0000A9362 /* Release */,
			);
			defaultConfigurationIsVisible = 0;
			defaultConfigurationName = Release;
		};
/* End XCConfigurationList section */
	};
	rootObject = 0F7EA3001D59CCDF000A9362 /* Project object */;
}
